
Microsoft Visual Studio Solution File, Format Version 12.00
# Visual Studio 14
VisualStudioVersion = 14.0.25420.1
MinimumVisualStudioVersion = 10.0.40219.1
Project("{FAE04EC0-301F-11D3-BF4B-00C04F79EFBC}") = "DatabaseBusiness", "DatabaseBusiness\DatabaseBusiness.csproj", "{A19C9090-14CB-4E3A-8ECC-9DB725F732AD}"
EndProject
Project("{FAE04EC0-301F-11D3-BF4B-00C04F79EFBC}") = "BusinessLayer", "BusinessLayer\BusinessLayer.csproj", "{F56A2D1D-A687-41A0-A550-287CA828E20C}"
EndProject
Project("{FAE04EC0-301F-11D3-BF4B-00C04F79EFBC}") = "ServiceTurkeyProvinces", "ServiceTurkeyProvinces\ServiceTurkeyProvinces.csproj", "{2D517E2A-2DC2-4B59-9DF3-BD48B58A7A3B}"
EndProject
Global
	GlobalSection(SolutionConfigurationPlatforms) = preSolution
		Debug|Any CPU = Debug|Any CPU
		Release|Any CPU = Release|Any CPU
	EndGlobalSection
	GlobalSection(ProjectConfigurationPlatforms) = postSolution
		{A19C9090-14CB-4E3A-8ECC-9DB725F732AD}.Debug|Any CPU.ActiveCfg = Debug|Any CPU
		{A19C9090-14CB-4E3A-8ECC-9DB725F732AD}.Debug|Any CPU.Build.0 = Debug|Any CPU
		{A19C9090-14CB-4E3A-8ECC-9DB725F732AD}.Release|Any CPU.ActiveCfg = Release|Any CPU
		{A19C9090-14CB-4E3A-8ECC-9DB725F732AD}.Release|Any CPU.Build.0 = Release|Any CPU
		{F56A2D1D-A687-41A0-A550-287CA828E20C}.Debug|Any CPU.ActiveCfg = Debug|Any CPU
		{F56A2D1D-A687-41A0-A550-287CA828E20C}.Debug|Any CPU.Build.0 = Debug|Any CPU
		{F56A2D1D-A687-41A0-A550-287CA828E20C}.Release|Any CPU.ActiveCfg = Release|Any CPU
		{F56A2D1D-A687-41A0-A550-287CA828E20C}.Release|Any CPU.Build.0 = Release|Any CPU
		{2D517E2A-2DC2-4B59-9DF3-BD48B58A7A3B}.Debug|Any CPU.ActiveCfg = Debug|Any CPU
		{2D517E2A-2DC2-4B59-9DF3-BD48B58A7A3B}.Debug|Any CPU.Build.0 = Debug|Any CPU
		{2D517E2A-2DC2-4B59-9DF3-BD48B58A7A3B}.Release|Any CPU.ActiveCfg = Release|Any CPU
		{2D517E2A-2DC2-4B59-9DF3-BD48B58A7A3B}.Release|Any CPU.Build.0 = Release|Any CPU
	EndGlobalSection
	GlobalSection(SolutionProperties) = preSolution
		HideSolutionNode = FALSE
	EndGlobalSection
EndGlobal
